
Microsoft Visual Studio Solution File, Format Version 12.00
Project("{FAE04EC0-301F-11D3-BF4B-00C04F79EFBC}") = "Boffins.ExtentionsNet", "Boffins.ExtentionsNet\Boffins.ExtentionsNet.csproj", "{6A49147D-A4F4-4CE1-A6D6-0B76D1EA9E49}"
EndProject
Project("{2150E333-8FDC-42A3-9474-1A3956D46DE8}") = "src", "src", "{63DF4056-87BE-4E04-877F-8C98CF47FA16}"
EndProject
Project("{2150E333-8FDC-42A3-9474-1A3956D46DE8}") = "test", "test", "{F6FD966B-1BF0-423C-A0C7-79F7858B608F}"
EndProject
Project("{2150E333-8FDC-42A3-9474-1A3956D46DE8}") = "solutionItems", "solutionItems", "{23B70140-A707-48CE-AD2D-8C51BF395823}"
EndProject
Project("{FAE04EC0-301F-11D3-BF4B-00C04F79EFBC}") = "Boffins.ExtentionsNet.Test.Unit", "Boffins.ExtentionsNet.Test.Unit\Boffins.ExtentionsNet.Test.Unit.csproj", "{9C57979E-A82C-4BC7-A23C-B240772163F2}"
EndProject
Global
	GlobalSection(SolutionConfigurationPlatforms) = preSolution
		Debug|Any CPU = Debug|Any CPU
		Release|Any CPU = Release|Any CPU
	EndGlobalSection
	GlobalSection(ProjectConfigurationPlatforms) = postSolution
		{6A49147D-A4F4-4CE1-A6D6-0B76D1EA9E49}.Debug|Any CPU.ActiveCfg = Debug|Any CPU
		{6A49147D-A4F4-4CE1-A6D6-0B76D1EA9E49}.Debug|Any CPU.Build.0 = Debug|Any CPU
		{6A49147D-A4F4-4CE1-A6D6-0B76D1EA9E49}.Release|Any CPU.ActiveCfg = Release|Any CPU
		{6A49147D-A4F4-4CE1-A6D6-0B76D1EA9E49}.Release|Any CPU.Build.0 = Release|Any CPU
		{9C57979E-A82C-4BC7-A23C-B240772163F2}.Debug|Any CPU.ActiveCfg = Debug|Any CPU
		{9C57979E-A82C-4BC7-A23C-B240772163F2}.Debug|Any CPU.Build.0 = Debug|Any CPU
		{9C57979E-A82C-4BC7-A23C-B240772163F2}.Release|Any CPU.ActiveCfg = Release|Any CPU
		{9C57979E-A82C-4BC7-A23C-B240772163F2}.Release|Any CPU.Build.0 = Release|Any CPU
	EndGlobalSection
	GlobalSection(NestedProjects) = preSolution
		{6A49147D-A4F4-4CE1-A6D6-0B76D1EA9E49} = {63DF4056-87BE-4E04-877F-8C98CF47FA16}
		{9C57979E-A82C-4BC7-A23C-B240772163F2} = {F6FD966B-1BF0-423C-A0C7-79F7858B608F}
	EndGlobalSection
EndGlobal
